{
  "nodes": {
    "darwin": {
      "inputs": {
        "nixpkgs": [
          "nixpkgs"
        ]
      },
      "locked": {
        "lastModified": 1678282292,
        "narHash": "sha256-yUvKwf0fSTg5tGEMmEd+1ybQFRqvuwEqagxgarB6NbU=",
        "owner": "bbenne10",
        "repo": "nix-darwin",
        "rev": "96aaf9ae1a5486287269b59e94be0c0e3c2dfbad",
        "type": "github"
      },
      "original": {
        "owner": "bbenne10",
        "repo": "nix-darwin",
        "type": "github"
      }
    },
    "deploy-rs": {
      "inputs": {
        "flake-compat": "flake-compat",
        "nixpkgs": "nixpkgs",
        "utils": "utils"
      },
      "locked": {
        "lastModified": 1686747123,
        "narHash": "sha256-XUQK9kwHpTeilHoad7L4LjMCCyY13Oq383CoFADecRE=",
        "owner": "serokell",
        "repo": "deploy-rs",
        "rev": "724463b5a94daa810abfc64a4f87faef4e00f984",
        "type": "github"
      },
      "original": {
        "owner": "serokell",
        "repo": "deploy-rs",
        "type": "github"
      }
    },
    "emacs": {
      "inputs": {
        "flake-utils": "flake-utils",
        "nixpkgs": [
          "nixpkgs"
        ],
        "nixpkgs-stable": "nixpkgs-stable"
      },
      "locked": {
        "lastModified": 1688552915,
        "narHash": "sha256-eMG8RA9lO7YVWpZ2/+IPSnfyt9Zr03UVEc+l6gHz3WQ=",
        "owner": "nix-community",
        "repo": "emacs-overlay",
        "rev": "c084710df62bb9f681e52452a0cf518d1bfcedec",
        "type": "github"
      },
      "original": {
        "owner": "nix-community",
        "repo": "emacs-overlay",
        "type": "github"
      }
    },
    "emacs_themes": {
      "flake": false,
      "locked": {
        "lastModified": 1674740384,
        "narHash": "sha256-bN1FbXsNorC0zmW6AAQEfdn94XsOf6rlKbeXPC24318=",
        "owner": "bbenne10",
        "repo": "emacs_themes",
        "rev": "02221a63f0d8c28695b063ecc4c3244be72b2683",
        "type": "github"
      },
      "original": {
        "owner": "bbenne10",
        "repo": "emacs_themes",
        "type": "github"
      }
    },
    "flake-compat": {
      "flake": false,
      "locked": {
        "lastModified": 1668681692,
        "narHash": "sha256-Ht91NGdewz8IQLtWZ9LCeNXMSXHUss+9COoqu6JLmXU=",
        "owner": "edolstra",
        "repo": "flake-compat",
        "rev": "009399224d5e398d03b22badca40a37ac85412a1",
        "type": "github"
      },
      "original": {
        "owner": "edolstra",
        "repo": "flake-compat",
        "type": "github"
      }
    },
    "flake-utils": {
      "inputs": {
        "systems": "systems"
      },
      "locked": {
        "lastModified": 1687709756,
        "narHash": "sha256-Y5wKlQSkgEK2weWdOu4J3riRd+kV/VCgHsqLNTTWQ/0=",
        "owner": "numtide",
        "repo": "flake-utils",
        "rev": "dbabf0ca0c0c4bce6ea5eaf65af5cb694d2082c7",
        "type": "github"
      },
      "original": {
        "owner": "numtide",
        "repo": "flake-utils",
        "type": "github"
      }
    },
    "flake-utils_2": {
      "inputs": {
        "systems": "systems_2"
      },
      "locked": {
        "lastModified": 1681202837,
        "narHash": "sha256-H+Rh19JDwRtpVPAWp64F+rlEtxUWBAQW28eAi3SRSzg=",
        "owner": "numtide",
        "repo": "flake-utils",
        "rev": "cfacdce06f30d2b68473a46042957675eebb3401",
        "type": "github"
      },
      "original": {
        "owner": "numtide",
        "repo": "flake-utils",
        "type": "github"
      }
    },
    "flake-utils_3": {
      "inputs": {
        "systems": "systems_3"
      },
      "locked": {
        "lastModified": 1681202837,
        "narHash": "sha256-H+Rh19JDwRtpVPAWp64F+rlEtxUWBAQW28eAi3SRSzg=",
        "owner": "numtide",
        "repo": "flake-utils",
        "rev": "cfacdce06f30d2b68473a46042957675eebb3401",
        "type": "github"
      },
      "original": {
        "owner": "numtide",
        "repo": "flake-utils",
        "type": "github"
      }
    },
    "home-manager": {
      "inputs": {
        "nixpkgs": [
          "nixpkgs"
        ]
      },
      "locked": {
        "lastModified": 1687871164,
        "narHash": "sha256-bBFlPthuYX322xOlpJvkjUBz0C+MOBjZdDOOJJ+G2jU=",
        "owner": "nix-community",
        "repo": "home-manager",
        "rev": "07c347bb50994691d7b0095f45ebd8838cf6bc38",
        "type": "github"
      },
      "original": {
        "owner": "nix-community",
        "ref": "release-23.05",
        "repo": "home-manager",
        "type": "github"
      }
    },
    "nixpkgs": {
      "locked": {
        "lastModified": 1671417167,
        "narHash": "sha256-JkHam6WQOwZN1t2C2sbp1TqMv3TVRjzrdoejqfefwrM=",
        "owner": "NixOS",
        "repo": "nixpkgs",
        "rev": "bb31220cca6d044baa6dc2715b07497a2a7c4bc7",
        "type": "github"
      },
      "original": {
        "owner": "NixOS",
        "ref": "nixpkgs-unstable",
        "repo": "nixpkgs",
        "type": "github"
      }
    },
    "nixpkgs-stable": {
      "locked": {
        "lastModified": 1688482527,
        "narHash": "sha256-9zd0YC2gfsRvVJENZsVs1R5LBj5/t127JlCLggn/970=",
        "owner": "NixOS",
        "repo": "nixpkgs",
        "rev": "c7a18f89ef1dc423f57f3de9bd5d9355550a5d15",
        "type": "github"
      },
      "original": {
        "owner": "NixOS",
        "ref": "nixos-23.05",
        "repo": "nixpkgs",
        "type": "github"
      }
    },
    "nixpkgs_2": {
      "locked": {
        "lastModified": 1688482527,
        "narHash": "sha256-9zd0YC2gfsRvVJENZsVs1R5LBj5/t127JlCLggn/970=",
        "owner": "nixos",
        "repo": "nixpkgs",
        "rev": "c7a18f89ef1dc423f57f3de9bd5d9355550a5d15",
        "type": "github"
      },
      "original": {
        "owner": "nixos",
        "ref": "nixos-23.05",
        "repo": "nixpkgs",
        "type": "github"
      }
    },
    "nixpkgs_3": {
      "locked": {
        "lastModified": 1683550067,
        "narHash": "sha256-S83MEKbg7DUwBqoXFzfLT1d1tbMMxSMelRPSgXXTBIg=",
        "owner": "nixos",
        "repo": "nixpkgs",
        "rev": "6a139314d8675938c6941e68bae2ac442ada55cd",
        "type": "github"
      },
      "original": {
        "owner": "nixos",
        "repo": "nixpkgs",
        "type": "github"
      }
    },
    "root": {
      "inputs": {
        "darwin": "darwin",
        "deploy-rs": "deploy-rs",
        "emacs": "emacs",
        "emacs_themes": "emacs_themes",
        "home-manager": "home-manager",
        "nixpkgs": "nixpkgs_2",
        "website": "website",
        "zsh-fast_syntax_highlighting": "zsh-fast_syntax_highlighting",
        "zsh-fzf_marks": "zsh-fzf_marks",
        "zsh-fzf_tab": "zsh-fzf_tab"
      }
    },
    "swish": {
      "inputs": {
        "flake-utils": "flake-utils_3",
        "nixpkgs": "nixpkgs_3"
      },
      "locked": {
        "lastModified": 1687112612,
        "narHash": "sha256-bNLaUidAcuN77aRjn+fEe5dblVo+VXaNTWx/iI9CJmA=",
        "owner": "bbenne10",
        "repo": "swish",
        "rev": "cf4b259f0151e396e1665487f8553aa78572dc82",
        "type": "github"
      },
      "original": {
        "owner": "bbenne10",
        "repo": "swish",
        "type": "github"
      }
    },
    "systems": {
      "locked": {
        "lastModified": 1681028828,
        "narHash": "sha256-Vy1rq5AaRuLzOxct8nz4T6wlgyUR7zLU309k9mBC768=",
        "owner": "nix-systems",
        "repo": "default",
        "rev": "da67096a3b9bf56a91d16901293e51ba5b49a27e",
        "type": "github"
      },
      "original": {
        "owner": "nix-systems",
        "repo": "default",
        "type": "github"
      }
    },
    "systems_2": {
      "locked": {
        "lastModified": 1681028828,
        "narHash": "sha256-Vy1rq5AaRuLzOxct8nz4T6wlgyUR7zLU309k9mBC768=",
        "owner": "nix-systems",
        "repo": "default",
        "rev": "da67096a3b9bf56a91d16901293e51ba5b49a27e",
        "type": "github"
      },
      "original": {
        "owner": "nix-systems",
        "repo": "default",
        "type": "github"
      }
    },
    "systems_3": {
      "locked": {
        "lastModified": 1681028828,
        "narHash": "sha256-Vy1rq5AaRuLzOxct8nz4T6wlgyUR7zLU309k9mBC768=",
        "owner": "nix-systems",
        "repo": "default",
        "rev": "da67096a3b9bf56a91d16901293e51ba5b49a27e",
        "type": "github"
      },
      "original": {
        "owner": "nix-systems",
        "repo": "default",
        "type": "github"
      }
    },
    "utils": {
      "locked": {
        "lastModified": 1667395993,
        "narHash": "sha256-nuEHfE/LcWyuSWnS8t12N1wc105Qtau+/OdUAjtQ0rA=",
        "owner": "numtide",
        "repo": "flake-utils",
        "rev": "5aed5285a952e0b949eb3ba02c12fa4fcfef535f",
        "type": "github"
      },
      "original": {
        "owner": "numtide",
        "repo": "flake-utils",
        "type": "github"
      }
    },
    "website": {
      "inputs": {
        "flake-utils": "flake-utils_2",
        "nixpkgs": [
          "nixpkgs"
        ],
        "swish": "swish"
      },
      "locked": {
        "lastModified": 1687112763,
        "narHash": "sha256-m+1Xl7IOq4DA9ugJD7n4bTlmzKcGDwKUsTnEZva2A6s=",
        "owner": "bbenne10",
        "repo": "website",
        "rev": "904e1dd1a032a9da32f70dea62f217824c8e1238",
        "type": "github"
      },
      "original": {
        "owner": "bbenne10",
        "repo": "website",
        "type": "github"
      }
    },
    "zsh-fast_syntax_highlighting": {
      "flake": false,
      "locked": {
        "lastModified": 1680505133,
        "narHash": "sha256-AmsexwVombgVmRvl4O9Kd/WbnVJHPTXETxBv18PDHz4=",
        "owner": "zdharma-continuum",
        "repo": "fast-syntax-highlighting",
        "rev": "13d7b4e63468307b6dcb2dadf6150818f242cbff",
        "type": "github"
      },
      "original": {
        "owner": "zdharma-continuum",
        "repo": "fast-syntax-highlighting",
        "type": "github"
      }
    },
    "zsh-fzf_marks": {
      "flake": false,
      "locked": {
        "lastModified": 1677684334,
        "narHash": "sha256-/7zgbYylMGKerKhQS/C4PZ3Ghps3ooh9ASzGVu4itEs=",
        "owner": "urbainvaes",
        "repo": "fzf-marks",
        "rev": "2ff907f3e2e3959f038ee2a7d44d28c2b62ef38c",
        "type": "github"
      },
      "original": {
        "owner": "urbainvaes",
        "repo": "fzf-marks",
        "type": "github"
      }
    },
    "zsh-fzf_tab": {
      "flake": false,
      "locked": {
        "lastModified": 1686496455,
        "narHash": "sha256-gvZp8P3quOtcy1Xtt1LAW1cfZ/zCtnAmnWqcwrKel6w=",
        "owner": "aloxaf",
        "repo": "fzf-tab",
        "rev": "c2b4aa5ad2532cca91f23908ac7f00efb7ff09c9",
        "type": "github"
      },
      "original": {
        "owner": "aloxaf",
        "repo": "fzf-tab",
        "type": "github"
      }
    }
  },
  "root": "root",
  "version": 7
}
