{
  "nodes": {
    "darwin": {
      "inputs": {
        "nixpkgs": [
          "nixpkgs"
        ]
      },
      "locked": {
        "lastModified": 1672794713,
        "narHash": "sha256-e7maQnMubLHn7zWO65VqOEgweHb7z8uzf/C3+cDRW+I=",
        "owner": "bbenne10",
        "repo": "nix-darwin",
        "rev": "73ddf5719af9beb068e5728c43b05f4419349bb4",
        "type": "github"
      },
      "original": {
        "owner": "bbenne10",
        "repo": "nix-darwin",
        "type": "github"
      }
    },
    "deploy-rs": {
      "inputs": {
        "flake-compat": "flake-compat",
        "nixpkgs": "nixpkgs",
        "utils": "utils"
      },
      "locked": {
        "lastModified": 1674127017,
        "narHash": "sha256-QO1xF7stu5ZMDLbHN30LFolMAwY6TVlzYvQoUs1RD68=",
        "owner": "serokell",
        "repo": "deploy-rs",
        "rev": "8c9ea9605eed20528bf60fae35a2b613b901fd77",
        "type": "github"
      },
      "original": {
        "owner": "serokell",
        "repo": "deploy-rs",
        "type": "github"
      }
    },
    "emacs": {
      "inputs": {
        "flake-utils": "flake-utils",
        "nixpkgs": [
          "nixpkgs"
        ]
      },
      "locked": {
        "lastModified": 1675587943,
        "narHash": "sha256-bCfges+8ZsSETsDPJXgolLYGd87ZXe4jouOdLhgHH0Q=",
        "owner": "nix-community",
        "repo": "emacs-overlay",
        "rev": "475c58aca32b60826f2e9ac75b78006d5cecf6b5",
        "type": "github"
      },
      "original": {
        "owner": "nix-community",
        "repo": "emacs-overlay",
        "type": "github"
      }
    },
    "emacs_themes": {
      "flake": false,
      "locked": {
        "lastModified": 1674740384,
        "narHash": "sha256-bN1FbXsNorC0zmW6AAQEfdn94XsOf6rlKbeXPC24318=",
        "owner": "bbenne10",
        "repo": "emacs_themes",
        "rev": "02221a63f0d8c28695b063ecc4c3244be72b2683",
        "type": "github"
      },
      "original": {
        "owner": "bbenne10",
        "repo": "emacs_themes",
        "type": "github"
      }
    },
    "flake-compat": {
      "flake": false,
      "locked": {
        "lastModified": 1668681692,
        "narHash": "sha256-Ht91NGdewz8IQLtWZ9LCeNXMSXHUss+9COoqu6JLmXU=",
        "owner": "edolstra",
        "repo": "flake-compat",
        "rev": "009399224d5e398d03b22badca40a37ac85412a1",
        "type": "github"
      },
      "original": {
        "owner": "edolstra",
        "repo": "flake-compat",
        "type": "github"
      }
    },
    "flake-utils": {
      "locked": {
        "lastModified": 1667395993,
        "narHash": "sha256-nuEHfE/LcWyuSWnS8t12N1wc105Qtau+/OdUAjtQ0rA=",
        "owner": "numtide",
        "repo": "flake-utils",
        "rev": "5aed5285a952e0b949eb3ba02c12fa4fcfef535f",
        "type": "github"
      },
      "original": {
        "owner": "numtide",
        "repo": "flake-utils",
        "type": "github"
      }
    },
    "flake-utils_2": {
      "locked": {
        "lastModified": 1667395993,
        "narHash": "sha256-nuEHfE/LcWyuSWnS8t12N1wc105Qtau+/OdUAjtQ0rA=",
        "owner": "numtide",
        "repo": "flake-utils",
        "rev": "5aed5285a952e0b949eb3ba02c12fa4fcfef535f",
        "type": "github"
      },
      "original": {
        "owner": "numtide",
        "repo": "flake-utils",
        "type": "github"
      }
    },
    "flake-utils_3": {
      "locked": {
        "lastModified": 1667395993,
        "narHash": "sha256-nuEHfE/LcWyuSWnS8t12N1wc105Qtau+/OdUAjtQ0rA=",
        "owner": "numtide",
        "repo": "flake-utils",
        "rev": "5aed5285a952e0b949eb3ba02c12fa4fcfef535f",
        "type": "github"
      },
      "original": {
        "owner": "numtide",
        "repo": "flake-utils",
        "type": "github"
      }
    },
    "flake-utils_4": {
      "locked": {
        "lastModified": 1667395993,
        "narHash": "sha256-nuEHfE/LcWyuSWnS8t12N1wc105Qtau+/OdUAjtQ0rA=",
        "owner": "numtide",
        "repo": "flake-utils",
        "rev": "5aed5285a952e0b949eb3ba02c12fa4fcfef535f",
        "type": "github"
      },
      "original": {
        "owner": "numtide",
        "repo": "flake-utils",
        "type": "github"
      }
    },
    "home-manager": {
      "inputs": {
        "nixpkgs": [
          "nixpkgs"
        ],
        "utils": "utils_2"
      },
      "locked": {
        "lastModified": 1674440933,
        "narHash": "sha256-CASRcD/rK3fn5vUCti3jzry7zi0GsqRsBohNq9wPgLs=",
        "owner": "nix-community",
        "repo": "home-manager",
        "rev": "65c47ced082e3353113614f77b1bc18822dc731f",
        "type": "github"
      },
      "original": {
        "owner": "nix-community",
        "ref": "release-22.11",
        "repo": "home-manager",
        "type": "github"
      }
    },
    "nix-direnv": {
      "inputs": {
        "flake-utils": "flake-utils_2",
        "nixpkgs": [
          "nixpkgs"
        ]
      },
      "locked": {
        "lastModified": 1675592206,
        "narHash": "sha256-hLmVU5hqsR/byJS/Oofq54buh1GEwFeYsKbug0ILyaA=",
        "owner": "nix-community",
        "repo": "nix-direnv",
        "rev": "75c74a090bf37f34cd92eeab7f22f17dc0fcd48f",
        "type": "github"
      },
      "original": {
        "owner": "nix-community",
        "repo": "nix-direnv",
        "type": "github"
      }
    },
    "nixpkgs": {
      "locked": {
        "lastModified": 1671417167,
        "narHash": "sha256-JkHam6WQOwZN1t2C2sbp1TqMv3TVRjzrdoejqfefwrM=",
        "owner": "NixOS",
        "repo": "nixpkgs",
        "rev": "bb31220cca6d044baa6dc2715b07497a2a7c4bc7",
        "type": "github"
      },
      "original": {
        "owner": "NixOS",
        "ref": "nixpkgs-unstable",
        "repo": "nixpkgs",
        "type": "github"
      }
    },
    "nixpkgs_2": {
      "locked": {
        "lastModified": 1675556398,
        "narHash": "sha256-5Gf5KlmFXfIGVQb2hmiiE7FQHoLd4UtEhIolLQvNB/A=",
        "owner": "nixos",
        "repo": "nixpkgs",
        "rev": "e32c33811815ca4a535a16faf1c83eeb4493145b",
        "type": "github"
      },
      "original": {
        "owner": "nixos",
        "ref": "nixpkgs-22.11-darwin",
        "repo": "nixpkgs",
        "type": "github"
      }
    },
    "nixpkgs_3": {
      "locked": {
        "lastModified": 1672859443,
        "narHash": "sha256-JaXcuIDElCpOdKq2aeJWAPDJiIU+8lmiEwx9iBh5I+U=",
        "owner": "nixos",
        "repo": "nixpkgs",
        "rev": "df1d5f1dce79ee3e12de7cc00e79df7bab2921ee",
        "type": "github"
      },
      "original": {
        "owner": "nixos",
        "repo": "nixpkgs",
        "type": "github"
      }
    },
    "root": {
      "inputs": {
        "darwin": "darwin",
        "deploy-rs": "deploy-rs",
        "emacs": "emacs",
        "emacs_themes": "emacs_themes",
        "home-manager": "home-manager",
        "nix-direnv": "nix-direnv",
        "nixpkgs": "nixpkgs_2",
        "website": "website",
        "zsh-fast_syntax_highlighting": "zsh-fast_syntax_highlighting",
        "zsh-fzf_marks": "zsh-fzf_marks",
        "zsh-fzf_tab": "zsh-fzf_tab"
      }
    },
    "swish": {
      "inputs": {
        "flake-utils": "flake-utils_4",
        "nixpkgs": "nixpkgs_3"
      },
      "locked": {
        "lastModified": 1673724273,
        "narHash": "sha256-lFm7PA8us8XyHTFfOx1D5+26QKXcNfkRNZAMDs3x188=",
        "owner": "bbenne10",
        "repo": "swish",
        "rev": "780e08037864e7edb986ba4535edbaafc3197bd3",
        "type": "github"
      },
      "original": {
        "owner": "bbenne10",
        "repo": "swish",
        "type": "github"
      }
    },
    "utils": {
      "locked": {
        "lastModified": 1667395993,
        "narHash": "sha256-nuEHfE/LcWyuSWnS8t12N1wc105Qtau+/OdUAjtQ0rA=",
        "owner": "numtide",
        "repo": "flake-utils",
        "rev": "5aed5285a952e0b949eb3ba02c12fa4fcfef535f",
        "type": "github"
      },
      "original": {
        "owner": "numtide",
        "repo": "flake-utils",
        "type": "github"
      }
    },
    "utils_2": {
      "locked": {
        "lastModified": 1667395993,
        "narHash": "sha256-nuEHfE/LcWyuSWnS8t12N1wc105Qtau+/OdUAjtQ0rA=",
        "owner": "numtide",
        "repo": "flake-utils",
        "rev": "5aed5285a952e0b949eb3ba02c12fa4fcfef535f",
        "type": "github"
      },
      "original": {
        "owner": "numtide",
        "repo": "flake-utils",
        "type": "github"
      }
    },
    "website": {
      "inputs": {
        "flake-utils": "flake-utils_3",
        "nixpkgs": [
          "nixpkgs"
        ],
        "swish": "swish"
      },
      "locked": {
        "lastModified": 1673724373,
        "narHash": "sha256-twu4wEDW+XTv9Ok5jNaLs7YPjfannTstug7zDsZeMUw=",
        "owner": "bbenne10",
        "repo": "website",
        "rev": "7602bd41a2763ad682f026e2829b984f64f47bfc",
        "type": "github"
      },
      "original": {
        "owner": "bbenne10",
        "repo": "website",
        "type": "github"
      }
    },
    "zsh-fast_syntax_highlighting": {
      "flake": false,
      "locked": {
        "lastModified": 1668912623,
        "narHash": "sha256-wLpgkX53wzomHMEpymvWE86EJfxlIb3S8TPy74WOBD4=",
        "owner": "zdharma-continuum",
        "repo": "fast-syntax-highlighting",
        "rev": "7c390ee3bfa8069b8519582399e0a67444e6ea61",
        "type": "github"
      },
      "original": {
        "owner": "zdharma-continuum",
        "repo": "fast-syntax-highlighting",
        "type": "github"
      }
    },
    "zsh-fzf_marks": {
      "flake": false,
      "locked": {
        "lastModified": 1656660349,
        "narHash": "sha256-e6z0ePN0SrMQw/jqTJHPfFSwcLJpd2ZA6kTaj++wdIk=",
        "owner": "urbainvaes",
        "repo": "fzf-marks",
        "rev": "ff3307287bba5a41bf077ac94ce636a34ed56d32",
        "type": "github"
      },
      "original": {
        "owner": "urbainvaes",
        "repo": "fzf-marks",
        "type": "github"
      }
    },
    "zsh-fzf_tab": {
      "flake": false,
      "locked": {
        "lastModified": 1670462165,
        "narHash": "sha256-bIlnYKjjOC6h5/Gg7xBg+i2TBk+h82wmHgAJPhzMsek=",
        "owner": "aloxaf",
        "repo": "fzf-tab",
        "rev": "ffb7b776be492333b94cf0be87456b62a1f26e2f",
        "type": "github"
      },
      "original": {
        "owner": "aloxaf",
        "repo": "fzf-tab",
        "type": "github"
      }
    }
  },
  "root": "root",
  "version": 7
}
